
Microsoft Visual Studio Solution File, Format Version 12.00
# Visual Studio Version 16
VisualStudioVersion = 16.0.31105.61
MinimumVisualStudioVersion = 10.0.40219.1
Project("{FAE04EC0-301F-11D3-BF4B-00C04F79EFBC}") = "mona_textbear", "mona_textbear.csproj", "{507F3474-A069-444F-8975-56DF7A179387}"
EndProject
Global
	GlobalSection(SolutionConfigurationPlatforms) = preSolution
		Debug|Any CPU = Debug|Any CPU
		Release|Any CPU = Release|Any CPU
	EndGlobalSection
	GlobalSection(ProjectConfigurationPlatforms) = postSolution
		{507F3474-A069-444F-8975-56DF7A179387}.Debug|Any CPU.ActiveCfg = Debug|Any CPU
		{507F3474-A069-444F-8975-56DF7A179387}.Debug|Any CPU.Build.0 = Debug|Any CPU
		{507F3474-A069-444F-8975-56DF7A179387}.Release|Any CPU.ActiveCfg = Release|Any CPU
		{507F3474-A069-444F-8975-56DF7A179387}.Release|Any CPU.Build.0 = Release|Any CPU
	EndGlobalSection
	GlobalSection(SolutionProperties) = preSolution
		HideSolutionNode = FALSE
	EndGlobalSection
	GlobalSection(ExtensibilityGlobals) = postSolution
		SolutionGuid = {72291B2F-51AA-49F3-8B3A-1DB44E12786F}
	EndGlobalSection
EndGlobal
